
Microsoft Visual Studio Solution File, Format Version 12.00
# Visual Studio Version 16
VisualStudioVersion = 25.0.1705.4
MinimumVisualStudioVersion = 10.0.40219.1
Project("{FAE04EC0-301F-11D3-BF4B-00C04F79EFBC}") = "SharedCode", "SharedCode\SharedCode.csproj", "{F3DEA32C-3B46-4299-9E31-A8EC666A02B0}"
EndProject
Project("{FAE04EC0-301F-11D3-BF4B-00C04F79EFBC}") = "AndroidMVVM", "AndroidMVVM\AndroidMVVM.csproj", "{AC04DAEC-F547-47B0-8660-F67A010FB5E8}"
EndProject
Global
	GlobalSection(SolutionConfigurationPlatforms) = preSolution
		Debug|Any CPU = Debug|Any CPU
		Release|Any CPU = Release|Any CPU
	EndGlobalSection
	GlobalSection(ProjectConfigurationPlatforms) = postSolution
		{F3DEA32C-3B46-4299-9E31-A8EC666A02B0}.Debug|Any CPU.ActiveCfg = Debug|Any CPU
		{F3DEA32C-3B46-4299-9E31-A8EC666A02B0}.Debug|Any CPU.Build.0 = Debug|Any CPU
		{F3DEA32C-3B46-4299-9E31-A8EC666A02B0}.Release|Any CPU.ActiveCfg = Release|Any CPU
		{F3DEA32C-3B46-4299-9E31-A8EC666A02B0}.Release|Any CPU.Build.0 = Release|Any CPU
		{AC04DAEC-F547-47B0-8660-F67A010FB5E8}.Debug|Any CPU.ActiveCfg = Debug|Any CPU
		{AC04DAEC-F547-47B0-8660-F67A010FB5E8}.Debug|Any CPU.Build.0 = Debug|Any CPU
		{AC04DAEC-F547-47B0-8660-F67A010FB5E8}.Release|Any CPU.ActiveCfg = Release|Any CPU
		{AC04DAEC-F547-47B0-8660-F67A010FB5E8}.Release|Any CPU.Build.0 = Release|Any CPU
	EndGlobalSection
	GlobalSection(SolutionProperties) = preSolution
		HideSolutionNode = FALSE
	EndGlobalSection
	GlobalSection(ExtensibilityGlobals) = postSolution
		SolutionGuid = {A19D8BAD-BD57-4262-A440-EAA09F3577B2}
	EndGlobalSection
EndGlobal
